Microsoft Visual Studio Solution File, Format Version 12.00
# Visual Studio Version 17
VisualStudioVersion = 17.5.2.0
MinimumVisualStudioVersion = 10.0.40219.1
Project("{FAE04EC0-301F-11D3-BF4B-00C04F79EFBC}") = "perla-metro-route-service", "perla-metro-route-service\perla-metro-route-service.csproj", "{334B3267-FD7D-6C0D-48B9-8D76969491B5}"
EndProject
Global
	GlobalSection(SolutionConfigurationPlatforms) = preSolution
		Debug|Any CPU = Debug|Any CPU
		Release|Any CPU = Release|Any CPU
	EndGlobalSection
	GlobalSection(ProjectConfigurationPlatforms) = postSolution
		{334B3267-FD7D-6C0D-48B9-8D76969491B5}.Debug|Any CPU.ActiveCfg = Debug|Any CPU
		{334B3267-FD7D-6C0D-48B9-8D76969491B5}.Debug|Any CPU.Build.0 = Debug|Any CPU
		{334B3267-FD7D-6C0D-48B9-8D76969491B5}.Release|Any CPU.ActiveCfg = Release|Any CPU
		{334B3267-FD7D-6C0D-48B9-8D76969491B5}.Release|Any CPU.Build.0 = Release|Any CPU
	EndGlobalSection
	GlobalSection(SolutionProperties) = preSolution
		HideSolutionNode = FALSE
	EndGlobalSection
	GlobalSection(ExtensibilityGlobals) = postSolution
		SolutionGuid = {53D7248A-2A42-4819-91A1-6F24B084FC80}
	EndGlobalSection
EndGlobal
