Microsoft Visual Studio Solution File, Format Version 12.00
# Visual Studio Version 17
VisualStudioVersion = 17.5.0.2
MinimumVisualStudioVersion = 10.0.40219.1
Project("{FAE04EC0-301F-11D3-BF4B-00C04F79EFBC}") = "perla-metro-route-service", "perla-metro-route-service.csproj", "{334B3267-FD7D-6CD0-4889-8079609491B5}"
EndProject
Global
    GlobalSection(SolutionConfigurationPlatforms) = preSolution
        Debug|Any CPU = Debug|Any CPU
        Release|Any CPU = Release|Any CPU
    EndGlobalSection
    GlobalSection(ProjectConfigurationPlatforms) = postSolution
        {334B3267-FD7D-6CD0-4889-8079609491B5}.Debug|Any CPU.ActiveCfg = Debug|Any CPU
        {334B3267-FD7D-6CD0-4889-8079609491B5}.Debug|Any CPU.Build.0 = Debug|Any CPU
        {334B3267-FD7D-6CD0-4889-8079609491B5}.Release|Any CPU.ActiveCfg = Release|Any CPU
        {334B3267-FD7D-6CD0-4889-8079609491B5}.Release|Any CPU.Build.0 = Release|Any CPU
    EndGlobalSection
    GlobalSection(SolutionProperties) = preSolution
        HideSolutionNode = FALSE
    EndGlobalSection
    GlobalSection(ExtensibilityGlobals) = postSolution
        SolutionGuid = {5307A28A-2A42-4819-91A1-6F42D884FCB0}
    EndGlobalSection
EndGlobal
